
Microsoft Visual Studio Solution File, Format Version 12.00
# Visual Studio 15
VisualStudioVersion = 15.0.28307.329
MinimumVisualStudioVersion = 10.0.40219.1
Project("{8BC9CEB8-8B4A-11D0-8D11-00A0C91BC942}") = "advanced programming workshop ex2", "advanced programming workshop ex2\advanced programming workshop ex2.vcxproj", "{1CF4B840-E4F2-40B7-AF51-CE2C3A6F25DE}"
EndProject
Global
	GlobalSection(SolutionConfigurationPlatforms) = preSolution
		Debug|x64 = Debug|x64
		Debug|x86 = Debug|x86
		Release|x64 = Release|x64
		Release|x86 = Release|x86
	EndGlobalSection
	GlobalSection(ProjectConfigurationPlatforms) = postSolution
		{1CF4B840-E4F2-40B7-AF51-CE2C3A6F25DE}.Debug|x64.ActiveCfg = Debug|x64
		{1CF4B840-E4F2-40B7-AF51-CE2C3A6F25DE}.Debug|x64.Build.0 = Debug|x64
		{1CF4B840-E4F2-40B7-AF51-CE2C3A6F25DE}.Debug|x86.ActiveCfg = Debug|Win32
		{1CF4B840-E4F2-40B7-AF51-CE2C3A6F25DE}.Debug|x86.Build.0 = Debug|Win32
		{1CF4B840-E4F2-40B7-AF51-CE2C3A6F25DE}.Release|x64.ActiveCfg = Release|x64
		{1CF4B840-E4F2-40B7-AF51-CE2C3A6F25DE}.Release|x64.Build.0 = Release|x64
		{1CF4B840-E4F2-40B7-AF51-CE2C3A6F25DE}.Release|x86.ActiveCfg = Release|Win32
		{1CF4B840-E4F2-40B7-AF51-CE2C3A6F25DE}.Release|x86.Build.0 = Release|Win32
	EndGlobalSection
	GlobalSection(SolutionProperties) = preSolution
		HideSolutionNode = FALSE
	EndGlobalSection
	GlobalSection(ExtensibilityGlobals) = postSolution
		SolutionGuid = {324B227A-B058-4FCE-8419-DC63289BDF9B}
	EndGlobalSection
EndGlobal
